// !$*UTF8*$!
{
	archiveVersion = 1;
	classes = {
	};
	objectVersion = 56;
	objects = {

/* Begin PBXBuildFile section */
		510CB2132A3A2EED00D99841 /* ViewModel.swift in Sources */ = {isa = PBXBuildFile; fileRef = 510CB2122A3A2EED00D99841 /* ViewModel.swift */; };
		510CB2142A3A2EED00D99841 /* ViewModel.swift in Sources */ = {isa = PBXBuildFile; fileRef = 510CB2122A3A2EED00D99841 /* ViewModel.swift */; };
		510CB2152A3A2EED00D99841 /* ViewModel.swift in Sources */ = {isa = PBXBuildFile; fileRef = 510CB2122A3A2EED00D99841 /* ViewModel.swift */; };
		5155273B2A17DE190063B9BF /* MerchbycreativesApp.swift in Sources */ = {isa = PBXBuildFile; fileRef = 5155273A2A17DE190063B9BF /* MerchbycreativesApp.swift */; };
		5155273D2A17DE190063B9BF /* ContentView.swift in Sources */ = {isa = PBXBuildFile; fileRef = 5155273C2A17DE190063B9BF /* ContentView.swift */; };
		5155273F2A17DE1C0063B9BF /* Assets.xcassets in Resources */ = {isa = PBXBuildFile; fileRef = 5155273E2A17DE1C0063B9BF /* Assets.xcassets */; };
		515527422A17DE1C0063B9BF /* Preview Assets.xcassets in Resources */ = {isa = PBXBuildFile; fileRef = 515527412A17DE1C0063B9BF /* Preview Assets.xcassets */; };
		5155274C2A17DE1C0063B9BF /* MerchbycreativesTests.swift in Sources */ = {isa = PBXBuildFile; fileRef = 5155274B2A17DE1C0063B9BF /* MerchbycreativesTests.swift */; };
		515527562A17DE1C0063B9BF /* MerchbycreativesUITests.swift in Sources */ = {isa = PBXBuildFile; fileRef = 515527552A17DE1C0063B9BF /* MerchbycreativesUITests.swift */; };
		515527582A17DE1C0063B9BF /* MerchbycreativesUITestsLaunchTests.swift in Sources */ = {isa = PBXBuildFile; fileRef = 515527572A17DE1C0063B9BF /* MerchbycreativesUITestsLaunchTests.swift */; };
		515527652A1915DA0063B9BF /* SignIn.swift in Sources */ = {isa = PBXBuildFile; fileRef = 515527642A1915DA0063B9BF /* SignIn.swift */; };
		515527692A19408F0063B9BF /* Landingpage.swift in Sources */ = {isa = PBXBuildFile; fileRef = 515527682A19408F0063B9BF /* Landingpage.swift */; };
		515EE2522A225E0A0058D5FD /* Webview.swift in Sources */ = {isa = PBXBuildFile; fileRef = 515EE2512A225E0A0058D5FD /* Webview.swift */; };
		515EE2542A227C030058D5FD /* Insights.swift in Sources */ = {isa = PBXBuildFile; fileRef = 515EE2532A227C030058D5FD /* Insights.swift */; };
		515EE2562A22806B0058D5FD /* Main.swift in Sources */ = {isa = PBXBuildFile; fileRef = 515EE2552A22806B0058D5FD /* Main.swift */; };
		51B785772A2A47F1008D359A /* Highlights.swift in Sources */ = {isa = PBXBuildFile; fileRef = 51B785762A2A47F1008D359A /* Highlights.swift */; };
		51B785792A310AAA008D359A /* chart1sales.swift in Sources */ = {isa = PBXBuildFile; fileRef = 51B785782A310AAA008D359A /* chart1sales.swift */; };
		51B7857B2A33619A008D359A /* shmorebutton1.swift in Sources */ = {isa = PBXBuildFile; fileRef = 51B7857A2A33619A008D359A /* shmorebutton1.swift */; };
		51B785832A3364BB008D359A /* chart2sales.swift in Sources */ = {isa = PBXBuildFile; fileRef = 51B785822A3364BB008D359A /* chart2sales.swift */; };
		51B785852A3365AA008D359A /* mainchart1.swift in Sources */ = {isa = PBXBuildFile; fileRef = 51B785842A3365AA008D359A /* mainchart1.swift */; };
		51B785872A33681B008D359A /* mainchart2.swift in Sources */ = {isa = PBXBuildFile; fileRef = 51B785862A33681B008D359A /* mainchart2.swift */; };
		51B785892A33693C008D359A /* mainchart3.swift in Sources */ = {isa = PBXBuildFile; fileRef = 51B785882A33693C008D359A /* mainchart3.swift */; };
		51B7858B2A336948008D359A /* mainchart4.swift in Sources */ = {isa = PBXBuildFile; fileRef = 51B7858A2A336948008D359A /* mainchart4.swift */; };
		51C1980D2A3B3E270016F938 /* bg.mp4 in Resources */ = {isa = PBXBuildFile; fileRef = 51C1980C2A3B3E270016F938 /* bg.mp4 */; };
		51C1980E2A3B3E270016F938 /* bg.mp4 in Resources */ = {isa = PBXBuildFile; fileRef = 51C1980C2A3B3E270016F938 /* bg.mp4 */; };
		51C1980F2A3B3E270016F938 /* bg.mp4 in Resources */ = {isa = PBXBuildFile; fileRef = 51C1980C2A3B3E270016F938 /* bg.mp4 */; };
/* End PBXBuildFile section */

/* Begin PBXContainerItemProxy section */
		515527482A17DE1C0063B9BF /* PBXContainerItemProxy */ = {
			isa = PBXContainerItemProxy;
			containerPortal = 5155272F2A17DE190063B9BF /* Project object */;
			proxyType = 1;
			remoteGlobalIDString = 515527362A17DE190063B9BF;
			remoteInfo = Merchbycreatives;
		};
		515527522A17DE1C0063B9BF /* PBXContainerItemProxy */ = {
			isa = PBXContainerItemProxy;
			containerPortal = 5155272F2A17DE190063B9BF /* Project object */;
			proxyType = 1;
			remoteGlobalIDString = 515527362A17DE190063B9BF;
			remoteInfo = Merchbycreatives;
		};
/* End PBXContainerItemProxy section */

/* Begin PBXFileReference section */
		510CB2122A3A2EED00D99841 /* ViewModel.swift */ = {isa = PBXFileReference; lastKnownFileType = sourcecode.swift; path = ViewModel.swift; sourceTree = "<group>"; };
		515527372A17DE190063B9BF /* Merchbycreatives.app */ = {isa = PBXFileReference; explicitFileType = wrapper.application; includeInIndex = 0; path = Merchbycreatives.app; sourceTree = BUILT_PRODUCTS_DIR; };
		5155273A2A17DE190063B9BF /* MerchbycreativesApp.swift */ = {isa = PBXFileReference; lastKnownFileType = sourcecode.swift; path = MerchbycreativesApp.swift; sourceTree = "<group>"; };
		5155273C2A17DE190063B9BF /* ContentView.swift */ = {isa = PBXFileReference; lastKnownFileType = sourcecode.swift; path = ContentView.swift; sourceTree = "<group>"; };
		5155273E2A17DE1C0063B9BF /* Assets.xcassets */ = {isa = PBXFileReference; lastKnownFileType = folder.assetcatalog; path = Assets.xcassets; sourceTree = "<group>"; };
		515527412A17DE1C0063B9BF /* Preview Assets.xcassets */ = {isa = PBXFileReference; lastKnownFileType = folder.assetcatalog; path = "Preview Assets.xcassets"; sourceTree = "<group>"; };
		515527472A17DE1C0063B9BF /* MerchbycreativesTests.xctest */ = {isa = PBXFileReference; explicitFileType = wrapper.cfbundle; includeInIndex = 0; path = MerchbycreativesTests.xctest; sourceTree = BUILT_PRODUCTS_DIR; };
		5155274B2A17DE1C0063B9BF /* MerchbycreativesTests.swift */ = {isa = PBXFileReference; lastKnownFileType = sourcecode.swift; path = MerchbycreativesTests.swift; sourceTree = "<group>"; };
		515527512A17DE1C0063B9BF /* MerchbycreativesUITests.xctest */ = {isa = PBXFileReference; explicitFileType = wrapper.cfbundle; includeInIndex = 0; path = MerchbycreativesUITests.xctest; sourceTree = BUILT_PRODUCTS_DIR; };
		515527552A17DE1C0063B9BF /* MerchbycreativesUITests.swift */ = {isa = PBXFileReference; lastKnownFileType = sourcecode.swift; path = MerchbycreativesUITests.swift; sourceTree = "<group>"; };
		515527572A17DE1C0063B9BF /* MerchbycreativesUITestsLaunchTests.swift */ = {isa = PBXFileReference; lastKnownFileType = sourcecode.swift; path = MerchbycreativesUITestsLaunchTests.swift; sourceTree = "<group>"; };
		515527642A1915DA0063B9BF /* SignIn.swift */ = {isa = PBXFileReference; lastKnownFileType = sourcecode.swift; path = SignIn.swift; sourceTree = "<group>"; };
		515527682A19408F0063B9BF /* Landingpage.swift */ = {isa = PBXFileReference; lastKnownFileType = sourcecode.swift; path = Landingpage.swift; sourceTree = "<group>"; };
		515EE2512A225E0A0058D5FD /* Webview.swift */ = {isa = PBXFileReference; lastKnownFileType = sourcecode.swift; path = Webview.swift; sourceTree = "<group>"; };
		515EE2532A227C030058D5FD /* Insights.swift */ = {isa = PBXFileReference; lastKnownFileType = sourcecode.swift; path = Insights.swift; sourceTree = "<group>"; };
		515EE2552A22806B0058D5FD /* Main.swift */ = {isa = PBXFileReference; lastKnownFileType = sourcecode.swift; path = Main.swift; sourceTree = "<group>"; };
		51B785762A2A47F1008D359A /* Highlights.swift */ = {isa = PBXFileReference; lastKnownFileType = sourcecode.swift; path = Highlights.swift; sourceTree = "<group>"; };
		51B785782A310AAA008D359A /* chart1sales.swift */ = {isa = PBXFileReference; lastKnownFileType = sourcecode.swift; path = chart1sales.swift; sourceTree = "<group>"; };
		51B7857A2A33619A008D359A /* shmorebutton1.swift */ = {isa = PBXFileReference; lastKnownFileType = sourcecode.swift; path = shmorebutton1.swift; sourceTree = "<group>"; };
		51B785822A3364BB008D359A /* chart2sales.swift */ = {isa = PBXFileReference; lastKnownFileType = sourcecode.swift; path = chart2sales.swift; sourceTree = "<group>"; };
		51B785842A3365AA008D359A /* mainchart1.swift */ = {isa = PBXFileReference; lastKnownFileType = sourcecode.swift; path = mainchart1.swift; sourceTree = "<group>"; };
		51B785862A33681B008D359A /* mainchart2.swift */ = {isa = PBXFileReference; lastKnownFileType = sourcecode.swift; path = mainchart2.swift; sourceTree = "<group>"; };
		51B785882A33693C008D359A /* mainchart3.swift */ = {isa = PBXFileReference; lastKnownFileType = sourcecode.swift; path = mainchart3.swift; sourceTree = "<group>"; };
		51B7858A2A336948008D359A /* mainchart4.swift */ = {isa = PBXFileReference; lastKnownFileType = sourcecode.swift; path = mainchart4.swift; sourceTree = "<group>"; };
		51C1980C2A3B3E270016F938 /* bg.mp4 */ = {isa = PBXFileReference; lastKnownFileType = file; path = bg.mp4; sourceTree = "<group>"; };
/* End PBXFileReference section */

/* Begin PBXFrameworksBuildPhase section */
		515527342A17DE190063B9BF /* Frameworks */ = {
			isa = PBXFrameworksBuildPhase;
			buildActionMask = 2147483647;
			files = (
			);
			runOnlyForDeploymentPostprocessing = 0;
		};
		515527442A17DE1C0063B9BF /* Frameworks */ = {
			isa = PBXFrameworksBuildPhase;
			buildActionMask = 2147483647;
			files = (
			);
			runOnlyForDeploymentPostprocessing = 0;
		};
		5155274E2A17DE1C0063B9BF /* Frameworks */ = {
			isa = PBXFrameworksBuildPhase;
			buildActionMask = 2147483647;
			files = (
			);
			runOnlyForDeploymentPostprocessing = 0;
		};
/* End PBXFrameworksBuildPhase section */

/* Begin PBXGroup section */
		5155272E2A17DE190063B9BF = {
			isa = PBXGroup;
			children = (
				515527392A17DE190063B9BF /* Merchbycreatives */,
				5155274A2A17DE1C0063B9BF /* MerchbycreativesTests */,
				515527542A17DE1C0063B9BF /* MerchbycreativesUITests */,
				515527382A17DE190063B9BF /* Products */,
			);
			sourceTree = "<group>";
		};
		515527382A17DE190063B9BF /* Products */ = {
			isa = PBXGroup;
			children = (
				515527372A17DE190063B9BF /* Merchbycreatives.app */,
				515527472A17DE1C0063B9BF /* MerchbycreativesTests.xctest */,
				515527512A17DE1C0063B9BF /* MerchbycreativesUITests.xctest */,
			);
			name = Products;
			sourceTree = "<group>";
		};
		515527392A17DE190063B9BF /* Merchbycreatives */ = {
			isa = PBXGroup;
			children = (
				5155273A2A17DE190063B9BF /* MerchbycreativesApp.swift */,
				5155273C2A17DE190063B9BF /* ContentView.swift */,
				510CB2122A3A2EED00D99841 /* ViewModel.swift */,
				515527642A1915DA0063B9BF /* SignIn.swift */,
				515EE2552A22806B0058D5FD /* Main.swift */,
				515527682A19408F0063B9BF /* Landingpage.swift */,
				515EE2512A225E0A0058D5FD /* Webview.swift */,
				515EE2532A227C030058D5FD /* Insights.swift */,
				51B785842A3365AA008D359A /* mainchart1.swift */,
				51B7857A2A33619A008D359A /* shmorebutton1.swift */,
				51B785782A310AAA008D359A /* chart1sales.swift */,
				51B785862A33681B008D359A /* mainchart2.swift */,
				51B785822A3364BB008D359A /* chart2sales.swift */,
				51B785882A33693C008D359A /* mainchart3.swift */,
				51B7858A2A336948008D359A /* mainchart4.swift */,
				51B785762A2A47F1008D359A /* Highlights.swift */,
				5155273E2A17DE1C0063B9BF /* Assets.xcassets */,
				51C1980C2A3B3E270016F938 /* bg.mp4 */,
				515527402A17DE1C0063B9BF /* Preview Content */,
			);
			path = Merchbycreatives;
			sourceTree = "<group>";
		};
		515527402A17DE1C0063B9BF /* Preview Content */ = {
			isa = PBXGroup;
			children = (
				515527412A17DE1C0063B9BF /* Preview Assets.xcassets */,
			);
			path = "Preview Content";
			sourceTree = "<group>";
		};
		5155274A2A17DE1C0063B9BF /* MerchbycreativesTests */ = {
			isa = PBXGroup;
			children = (
				5155274B2A17DE1C0063B9BF /* MerchbycreativesTests.swift */,
			);
			path = MerchbycreativesTests;
			sourceTree = "<group>";
		};
		515527542A17DE1C0063B9BF /* MerchbycreativesUITests */ = {
			isa = PBXGroup;
			children = (
				515527552A17DE1C0063B9BF /* MerchbycreativesUITests.swift */,
				515527572A17DE1C0063B9BF /* MerchbycreativesUITestsLaunchTests.swift */,
			);
			path = MerchbycreativesUITests;
			sourceTree = "<group>";
		};
/* End PBXGroup section */

/* Begin PBXNativeTarget section */
		515527362A17DE190063B9BF /* Merchbycreatives */ = {
			isa = PBXNativeTarget;
			buildConfigurationList = 5155275B2A17DE1C0063B9BF /* Build configuration list for PBXNativeTarget "Merchbycreatives" */;
			buildPhases = (
				515527332A17DE190063B9BF /* Sources */,
				515527342A17DE190063B9BF /* Frameworks */,
				515527352A17DE190063B9BF /* Resources */,
			);
			buildRules = (
			);
			dependencies = (
			);
			name = Merchbycreatives;
			productName = Merchbycreatives;
			productReference = 515527372A17DE190063B9BF /* Merchbycreatives.app */;
			productType = "com.apple.product-type.application";
		};
		515527462A17DE1C0063B9BF /* MerchbycreativesTests */ = {
			isa = PBXNativeTarget;
			buildConfigurationList = 5155275E2A17DE1C0063B9BF /* Build configuration list for PBXNativeTarget "MerchbycreativesTests" */;
			buildPhases = (
				515527432A17DE1C0063B9BF /* Sources */,
				515527442A17DE1C0063B9BF /* Frameworks */,
				515527452A17DE1C0063B9BF /* Resources */,
			);
			buildRules = (
			);
			dependencies = (
				515527492A17DE1C0063B9BF /* PBXTargetDependency */,
			);
			name = MerchbycreativesTests;
			productName = MerchbycreativesTests;
			productReference = 515527472A17DE1C0063B9BF /* MerchbycreativesTests.xctest */;
			productType = "com.apple.product-type.bundle.unit-test";
		};
		515527502A17DE1C0063B9BF /* MerchbycreativesUITests */ = {
			isa = PBXNativeTarget;
			buildConfigurationList = 515527612A17DE1C0063B9BF /* Build configuration list for PBXNativeTarget "MerchbycreativesUITests" */;
			buildPhases = (
				5155274D2A17DE1C0063B9BF /* Sources */,
				5155274E2A17DE1C0063B9BF /* Frameworks */,
				5155274F2A17DE1C0063B9BF /* Resources */,
			);
			buildRules = (
			);
			dependencies = (
				515527532A17DE1C0063B9BF /* PBXTargetDependency */,
			);
			name = MerchbycreativesUITests;
			productName = MerchbycreativesUITests;
			productReference = 515527512A17DE1C0063B9BF /* MerchbycreativesUITests.xctest */;
			productType = "com.apple.product-type.bundle.ui-testing";
		};
/* End PBXNativeTarget section */

/* Begin PBXProject section */
		5155272F2A17DE190063B9BF /* Project object */ = {
			isa = PBXProject;
			attributes = {
				BuildIndependentTargetsInParallel = 1;
				LastSwiftUpdateCheck = 1420;
				LastUpgradeCheck = 1420;
				TargetAttributes = {
					515527362A17DE190063B9BF = {
						CreatedOnToolsVersion = 14.2;
					};
					515527462A17DE1C0063B9BF = {
						CreatedOnToolsVersion = 14.2;
						TestTargetID = 515527362A17DE190063B9BF;
					};
					515527502A17DE1C0063B9BF = {
						CreatedOnToolsVersion = 14.2;
						TestTargetID = 515527362A17DE190063B9BF;
					};
				};
			};
			buildConfigurationList = 515527322A17DE190063B9BF /* Build configuration list for PBXProject "Merchbycreatives" */;
			compatibilityVersion = "Xcode 14.0";
			developmentRegion = en;
			hasScannedForEncodings = 0;
			knownRegions = (
				en,
				Base,
			);
			mainGroup = 5155272E2A17DE190063B9BF;
			productRefGroup = 515527382A17DE190063B9BF /* Products */;
			projectDirPath = "";
			projectRoot = "";
			targets = (
				515527362A17DE190063B9BF /* Merchbycreatives */,
				515527462A17DE1C0063B9BF /* MerchbycreativesTests */,
				515527502A17DE1C0063B9BF /* MerchbycreativesUITests */,
			);
		};
/* End PBXProject section */

/* Begin PBXResourcesBuildPhase section */
		515527352A17DE190063B9BF /* Resources */ = {
			isa = PBXResourcesBuildPhase;
			buildActionMask = 2147483647;
			files = (
				515527422A17DE1C0063B9BF /* Preview Assets.xcassets in Resources */,
				5155273F2A17DE1C0063B9BF /* Assets.xcassets in Resources */,
				51C1980D2A3B3E270016F938 /* bg.mp4 in Resources */,
			);
			runOnlyForDeploymentPostprocessing = 0;
		};
		515527452A17DE1C0063B9BF /* Resources */ = {
			isa = PBXResourcesBuildPhase;
			buildActionMask = 2147483647;
			files = (
				51C1980E2A3B3E270016F938 /* bg.mp4 in Resources */,
			);
			runOnlyForDeploymentPostprocessing = 0;
		};
		5155274F2A17DE1C0063B9BF /* Resources */ = {
			isa = PBXResourcesBuildPhase;
			buildActionMask = 2147483647;
			files = (
				51C1980F2A3B3E270016F938 /* bg.mp4 in Resources */,
			);
			runOnlyForDeploymentPostprocessing = 0;
		};
/* End PBXResourcesBuildPhase section */

/* Begin PBXSourcesBuildPhase section */
		515527332A17DE190063B9BF /* Sources */ = {
			isa = PBXSourcesBuildPhase;
			buildActionMask = 2147483647;
			files = (
				5155273D2A17DE190063B9BF /* ContentView.swift in Sources */,
				515EE2542A227C030058D5FD /* Insights.swift in Sources */,
				515EE2562A22806B0058D5FD /* Main.swift in Sources */,
				51B785792A310AAA008D359A /* chart1sales.swift in Sources */,
				51B785852A3365AA008D359A /* mainchart1.swift in Sources */,
				51B785832A3364BB008D359A /* chart2sales.swift in Sources */,
				51B7858B2A336948008D359A /* mainchart4.swift in Sources */,
				51B785872A33681B008D359A /* mainchart2.swift in Sources */,
				510CB2132A3A2EED00D99841 /* ViewModel.swift in Sources */,
				515527652A1915DA0063B9BF /* SignIn.swift in Sources */,
				51B7857B2A33619A008D359A /* shmorebutton1.swift in Sources */,
				515EE2522A225E0A0058D5FD /* Webview.swift in Sources */,
				5155273B2A17DE190063B9BF /* MerchbycreativesApp.swift in Sources */,
				51B785892A33693C008D359A /* mainchart3.swift in Sources */,
				51B785772A2A47F1008D359A /* Highlights.swift in Sources */,
				515527692A19408F0063B9BF /* Landingpage.swift in Sources */,
			);
			runOnlyForDeploymentPostprocessing = 0;
		};
		515527432A17DE1C0063B9BF /* Sources */ = {
			isa = PBXSourcesBuildPhase;
			buildActionMask = 2147483647;
			files = (
				510CB2142A3A2EED00D99841 /* ViewModel.swift in Sources */,
				5155274C2A17DE1C0063B9BF /* MerchbycreativesTests.swift in Sources */,
			);
			runOnlyForDeploymentPostprocessing = 0;
		};
		5155274D2A17DE1C0063B9BF /* Sources */ = {
			isa = PBXSourcesBuildPhase;
			buildActionMask = 2147483647;
			files = (
				515527582A17DE1C0063B9BF /* MerchbycreativesUITestsLaunchTests.swift in Sources */,
				510CB2152A3A2EED00D99841 /* ViewModel.swift in Sources */,
				515527562A17DE1C0063B9BF /* MerchbycreativesUITests.swift in Sources */,
			);
			runOnlyForDeploymentPostprocessing = 0;
		};
/* End PBXSourcesBuildPhase section */

/* Begin PBXTargetDependency section */
		515527492A17DE1C0063B9BF /* PBXTargetDependency */ = {
			isa = PBXTargetDependency;
			target = 515527362A17DE190063B9BF /* Merchbycreatives */;
			targetProxy = 515527482A17DE1C0063B9BF /* PBXContainerItemProxy */;
		};
		515527532A17DE1C0063B9BF /* PBXTargetDependency */ = {
			isa = PBXTargetDependency;
			target = 515527362A17DE190063B9BF /* Merchbycreatives */;
			targetProxy = 515527522A17DE1C0063B9BF /* PBXContainerItemProxy */;
		};
/* End PBXTargetDependency section */

/* Begin XCBuildConfiguration section */
		515527592A17DE1C0063B9BF /* Debug */ = {
			isa = XCBuildConfiguration;
			buildSettings = {
				ALWAYS_SEARCH_USER_PATHS = NO;
				CLANG_ANALYZER_NONNULL = YES;
				CLANG_ANALYZER_NUMBER_OBJECT_CONVERSION = YES_AGGRESSIVE;
				CLANG_CXX_LANGUAGE_STANDARD = "gnu++20";
				CLANG_ENABLE_MODULES = YES;
				CLANG_ENABLE_OBJC_ARC = YES;
				CLANG_ENABLE_OBJC_WEAK = YES;
				CLANG_WARN_BLOCK_CAPTURE_AUTORELEASING = YES;
				CLANG_WARN_BOOL_CONVERSION = YES;
				CLANG_WARN_COMMA = YES;
				CLANG_WARN_CONSTANT_CONVERSION = YES;
				CLANG_WARN_DEPRECATED_OBJC_IMPLEMENTATIONS = YES;
				CLANG_WARN_DIRECT_OBJC_ISA_USAGE = YES_ERROR;
				CLANG_WARN_DOCUMENTATION_COMMENTS = YES;
				CLANG_WARN_EMPTY_BODY = YES;
				CLANG_WARN_ENUM_CONVERSION = YES;
				CLANG_WARN_INFINITE_RECURSION = YES;
				CLANG_WARN_INT_CONVERSION = YES;
				CLANG_WARN_NON_LITERAL_NULL_CONVERSION = YES;
				CLANG_WARN_OBJC_IMPLICIT_RETAIN_SELF = YES;
				CLANG_WARN_OBJC_LITERAL_CONVERSION = YES;
				CLANG_WARN_OBJC_ROOT_CLASS = YES_ERROR;
				CLANG_WARN_QUOTED_INCLUDE_IN_FRAMEWORK_HEADER = YES;
				CLANG_WARN_RANGE_LOOP_ANALYSIS = YES;
				CLANG_WARN_STRICT_PROTOTYPES = YES;
				CLANG_WARN_SUSPICIOUS_MOVE = YES;
				CLANG_WARN_UNGUARDED_AVAILABILITY = YES_AGGRESSIVE;
				CLANG_WARN_UNREACHABLE_CODE = YES;
				CLANG_WARN__DUPLICATE_METHOD_MATCH = YES;
				COPY_PHASE_STRIP = NO;
				DEBUG_INFORMATION_FORMAT = dwarf;
				ENABLE_STRICT_OBJC_MSGSEND = YES;
				ENABLE_TESTABILITY = YES;
				GCC_C_LANGUAGE_STANDARD = gnu11;
				GCC_DYNAMIC_NO_PIC = NO;
				GCC_NO_COMMON_BLOCKS = YES;
				GCC_OPTIMIZATION_LEVEL = 0;
				GCC_PREPROCESSOR_DEFINITIONS = (
					"DEBUG=1",
					"$(inherited)",
				);
				GCC_WARN_64_TO_32_BIT_CONVERSION = YES;
				GCC_WARN_ABOUT_RETURN_TYPE = YES_ERROR;
				GCC_WARN_UNDECLARED_SELECTOR = YES;
				GCC_WARN_UNINITIALIZED_AUTOS = YES_AGGRESSIVE;
				GCC_WARN_UNUSED_FUNCTION = YES;
				GCC_WARN_UNUSED_VARIABLE = YES;
				IPHONEOS_DEPLOYMENT_TARGET = 16.2;
				MTL_ENABLE_DEBUG_INFO = INCLUDE_SOURCE;
				MTL_FAST_MATH = YES;
				ONLY_ACTIVE_ARCH = YES;
				SDKROOT = iphoneos;
				SWIFT_ACTIVE_COMPILATION_CONDITIONS = DEBUG;
				SWIFT_OPTIMIZATION_LEVEL = "-Onone";
			};
			name = Debug;
		};
		5155275A2A17DE1C0063B9BF /* Release */ = {
			isa = XCBuildConfiguration;
			buildSettings = {
				ALWAYS_SEARCH_USER_PATHS = NO;
				CLANG_ANALYZER_NONNULL = YES;
				CLANG_ANALYZER_NUMBER_OBJECT_CONVERSION = YES_AGGRESSIVE;
				CLANG_CXX_LANGUAGE_STANDARD = "gnu++20";
				CLANG_ENABLE_MODULES = YES;
				CLANG_ENABLE_OBJC_ARC = YES;
				CLANG_ENABLE_OBJC_WEAK = YES;
				CLANG_WARN_BLOCK_CAPTURE_AUTORELEASING = YES;
				CLANG_WARN_BOOL_CONVERSION = YES;
				CLANG_WARN_COMMA = YES;
				CLANG_WARN_CONSTANT_CONVERSION = YES;
				CLANG_WARN_DEPRECATED_OBJC_IMPLEMENTATIONS = YES;
				CLANG_WARN_DIRECT_OBJC_ISA_USAGE = YES_ERROR;
				CLANG_WARN_DOCUMENTATION_COMMENTS = YES;
				CLANG_WARN_EMPTY_BODY = YES;
				CLANG_WARN_ENUM_CONVERSION = YES;
				CLANG_WARN_INFINITE_RECURSION = YES;
				CLANG_WARN_INT_CONVERSION = YES;
				CLANG_WARN_NON_LITERAL_NULL_CONVERSION = YES;
				CLANG_WARN_OBJC_IMPLICIT_RETAIN_SELF = YES;
				CLANG_WARN_OBJC_LITERAL_CONVERSION = YES;
				CLANG_WARN_OBJC_ROOT_CLASS = YES_ERROR;
				CLANG_WARN_QUOTED_INCLUDE_IN_FRAMEWORK_HEADER = YES;
				CLANG_WARN_RANGE_LOOP_ANALYSIS = YES;
				CLANG_WARN_STRICT_PROTOTYPES = YES;
				CLANG_WARN_SUSPICIOUS_MOVE = YES;
				CLANG_WARN_UNGUARDED_AVAILABILITY = YES_AGGRESSIVE;
				CLANG_WARN_UNREACHABLE_CODE = YES;
				CLANG_WARN__DUPLICATE_METHOD_MATCH = YES;
				COPY_PHASE_STRIP = NO;
				DEBUG_INFORMATION_FORMAT = "dwarf-with-dsym";
				ENABLE_NS_ASSERTIONS = NO;
				ENABLE_STRICT_OBJC_MSGSEND = YES;
				GCC_C_LANGUAGE_STANDARD = gnu11;
				GCC_NO_COMMON_BLOCKS = YES;
				GCC_WARN_64_TO_32_BIT_CONVERSION = YES;
				GCC_WARN_ABOUT_RETURN_TYPE = YES_ERROR;
				GCC_WARN_UNDECLARED_SELECTOR = YES;
				GCC_WARN_UNINITIALIZED_AUTOS = YES_AGGRESSIVE;
				GCC_WARN_UNUSED_FUNCTION = YES;
				GCC_WARN_UNUSED_VARIABLE = YES;
				IPHONEOS_DEPLOYMENT_TARGET = 16.2;
				MTL_ENABLE_DEBUG_INFO = NO;
				MTL_FAST_MATH = YES;
				SDKROOT = iphoneos;
				SWIFT_COMPILATION_MODE = wholemodule;
				SWIFT_OPTIMIZATION_LEVEL = "-O";
				VALIDATE_PRODUCT = YES;
			};
			name = Release;
		};
		5155275C2A17DE1C0063B9BF /* Debug */ = {
			isa = XCBuildConfiguration;
			buildSettings = {
				ASSETCATALOG_COMPILER_APPICON_NAME = AppIcon;
				ASSETCATALOG_COMPILER_GLOBAL_ACCENT_COLOR_NAME = AccentColor;
				CODE_SIGN_STYLE = Automatic;
				CURRENT_PROJECT_VERSION = 1;
				DEVELOPMENT_ASSET_PATHS = "\"Merchbycreatives/Preview Content\"";
				ENABLE_PREVIEWS = YES;
				GENERATE_INFOPLIST_FILE = YES;
				INFOPLIST_KEY_UIApplicationSceneManifest_Generation = YES;
				INFOPLIST_KEY_UIApplicationSupportsIndirectInputEvents = YES;
				INFOPLIST_KEY_UILaunchScreen_Generation = YES;
				INFOPLIST_KEY_UISupportedInterfaceOrientations_iPad = "UIInterfaceOrientationPortrait UIInterfaceOrientationPortraitUpsideDown UIInterfaceOrientationLandscapeLeft UIInterfaceOrientationLandscapeRight";
				INFOPLIST_KEY_UISupportedInterfaceOrientations_iPhone = "UIInterfaceOrientationPortrait UIInterfaceOrientationLandscapeLeft UIInterfaceOrientationLandscapeRight";
				LD_RUNPATH_SEARCH_PATHS = (
					"$(inherited)",
					"@executable_path/Frameworks",
				);
				MARKETING_VERSION = 1.0;
				PRODUCT_BUNDLE_IDENTIFIER = iti.Merchbycreatives;
				PRODUCT_NAME = "$(TARGET_NAME)";
				SWIFT_EMIT_LOC_STRINGS = YES;
				SWIFT_VERSION = 5.0;
				TARGETED_DEVICE_FAMILY = "1,2";
			};
			name = Debug;
		};
		5155275D2A17DE1C0063B9BF /* Release */ = {
			isa = XCBuildConfiguration;
			buildSettings = {
				ASSETCATALOG_COMPILER_APPICON_NAME = AppIcon;
				ASSETCATALOG_COMPILER_GLOBAL_ACCENT_COLOR_NAME = AccentColor;
				CODE_SIGN_STYLE = Automatic;
				CURRENT_PROJECT_VERSION = 1;
				DEVELOPMENT_ASSET_PATHS = "\"Merchbycreatives/Preview Content\"";
				ENABLE_PREVIEWS = YES;
				GENERATE_INFOPLIST_FILE = YES;
				INFOPLIST_KEY_UIApplicationSceneManifest_Generation = YES;
				INFOPLIST_KEY_UIApplicationSupportsIndirectInputEvents = YES;
				INFOPLIST_KEY_UILaunchScreen_Generation = YES;
				INFOPLIST_KEY_UISupportedInterfaceOrientations_iPad = "UIInterfaceOrientationPortrait UIInterfaceOrientationPortraitUpsideDown UIInterfaceOrientationLandscapeLeft UIInterfaceOrientationLandscapeRight";
				INFOPLIST_KEY_UISupportedInterfaceOrientations_iPhone = "UIInterfaceOrientationPortrait UIInterfaceOrientationLandscapeLeft UIInterfaceOrientationLandscapeRight";
				LD_RUNPATH_SEARCH_PATHS = (
					"$(inherited)",
					"@executable_path/Frameworks",
				);
				MARKETING_VERSION = 1.0;
				PRODUCT_BUNDLE_IDENTIFIER = iti.Merchbycreatives;
				PRODUCT_NAME = "$(TARGET_NAME)";
				SWIFT_EMIT_LOC_STRINGS = YES;
				SWIFT_VERSION = 5.0;
				TARGETED_DEVICE_FAMILY = "1,2";
			};
			name = Release;
		};
		5155275F2A17DE1C0063B9BF /* Debug */ = {
			isa = XCBuildConfiguration;
			buildSettings = {
				ALWAYS_EMBED_SWIFT_STANDARD_LIBRARIES = YES;
				BUNDLE_LOADER = "$(TEST_HOST)";
				CODE_SIGN_STYLE = Automatic;
				CURRENT_PROJECT_VERSION = 1;
				GENERATE_INFOPLIST_FILE = YES;
				IPHONEOS_DEPLOYMENT_TARGET = 16.2;
				MARKETING_VERSION = 1.0;
				PRODUCT_BUNDLE_IDENTIFIER = iti.MerchbycreativesTests;
				PRODUCT_NAME = "$(TARGET_NAME)";
				SWIFT_EMIT_LOC_STRINGS = NO;
				SWIFT_VERSION = 5.0;
				TARGETED_DEVICE_FAMILY = "1,2";
				TEST_HOST = "$(BUILT_PRODUCTS_DIR)/Merchbycreatives.app/$(BUNDLE_EXECUTABLE_FOLDER_PATH)/Merchbycreatives";
			};
			name = Debug;
		};
		515527602A17DE1C0063B9BF /* Release */ = {
			isa = XCBuildConfiguration;
			buildSettings = {
				ALWAYS_EMBED_SWIFT_STANDARD_LIBRARIES = YES;
				BUNDLE_LOADER = "$(TEST_HOST)";
				CODE_SIGN_STYLE = Automatic;
				CURRENT_PROJECT_VERSION = 1;
				GENERATE_INFOPLIST_FILE = YES;
				IPHONEOS_DEPLOYMENT_TARGET = 16.2;
				MARKETING_VERSION = 1.0;
				PRODUCT_BUNDLE_IDENTIFIER = iti.MerchbycreativesTests;
				PRODUCT_NAME = "$(TARGET_NAME)";
				SWIFT_EMIT_LOC_STRINGS = NO;
				SWIFT_VERSION = 5.0;
				TARGETED_DEVICE_FAMILY = "1,2";
				TEST_HOST = "$(BUILT_PRODUCTS_DIR)/Merchbycreatives.app/$(BUNDLE_EXECUTABLE_FOLDER_PATH)/Merchbycreatives";
			};
			name = Release;
		};
		515527622A17DE1C0063B9BF /* Debug */ = {
			isa = XCBuildConfiguration;
			buildSettings = {
				ALWAYS_EMBED_SWIFT_STANDARD_LIBRARIES = YES;
				CODE_SIGN_STYLE = Automatic;
				CURRENT_PROJECT_VERSION = 1;
				GENERATE_INFOPLIST_FILE = YES;
				MARKETING_VERSION = 1.0;
				PRODUCT_BUNDLE_IDENTIFIER = iti.MerchbycreativesUITests;
				PRODUCT_NAME = "$(TARGET_NAME)";
				SWIFT_EMIT_LOC_STRINGS = NO;
				SWIFT_VERSION = 5.0;
				TARGETED_DEVICE_FAMILY = "1,2";
				TEST_TARGET_NAME = Merchbycreatives;
			};
			name = Debug;
		};
		515527632A17DE1C0063B9BF /* Release */ = {
			isa = XCBuildConfiguration;
			buildSettings = {
				ALWAYS_EMBED_SWIFT_STANDARD_LIBRARIES = YES;
				CODE_SIGN_STYLE = Automatic;
				CURRENT_PROJECT_VERSION = 1;
				GENERATE_INFOPLIST_FILE = YES;
				MARKETING_VERSION = 1.0;
				PRODUCT_BUNDLE_IDENTIFIER = iti.MerchbycreativesUITests;
				PRODUCT_NAME = "$(TARGET_NAME)";
				SWIFT_EMIT_LOC_STRINGS = NO;
				SWIFT_VERSION = 5.0;
				TARGETED_DEVICE_FAMILY = "1,2";
				TEST_TARGET_NAME = Merchbycreatives;
			};
			name = Release;
		};
/* End XCBuildConfiguration section */

/* Begin XCConfigurationList section */
		515527322A17DE190063B9BF /* Build configuration list for PBXProject "Merchbycreatives" */ = {
			isa = XCConfigurationList;
			buildConfigurations = (
				515527592A17DE1C0063B9BF /* Debug */,
				5155275A2A17DE1C0063B9BF /* Release */,
			);
			defaultConfigurationIsVisible = 0;
			defaultConfigurationName = Release;
		};
		5155275B2A17DE1C0063B9BF /* Build configuration list for PBXNativeTarget "Merchbycreatives" */ = {
			isa = XCConfigurationList;
			buildConfigurations = (
				5155275C2A17DE1C0063B9BF /* Debug */,
				5155275D2A17DE1C0063B9BF /* Release */,
			);
			defaultConfigurationIsVisible = 0;
			defaultConfigurationName = Release;
		};
		5155275E2A17DE1C0063B9BF /* Build configuration list for PBXNativeTarget "MerchbycreativesTests" */ = {
			isa = XCConfigurationList;
			buildConfigurations = (
				5155275F2A17DE1C0063B9BF /* Debug */,
				515527602A17DE1C0063B9BF /* Release */,
			);
			defaultConfigurationIsVisible = 0;
			defaultConfigurationName = Release;
		};
		515527612A17DE1C0063B9BF /* Build configuration list for PBXNativeTarget "MerchbycreativesUITests" */ = {
			isa = XCConfigurationList;
			buildConfigurations = (
				515527622A17DE1C0063B9BF /* Debug */,
				515527632A17DE1C0063B9BF /* Release */,
			);
			defaultConfigurationIsVisible = 0;
			defaultConfigurationName = Release;
		};
/* End XCConfigurationList section */
	};
	rootObject = 5155272F2A17DE190063B9BF /* Project object */;
}
